{
  "requires": true,
  "lockfileVersion": 1,
  "dependencies": {
    "@agm/core": {
      "version": "1.0.0-beta.3",
      "resolved": "https://registry.npmjs.org/@agm/core/-/core-1.0.0-beta.3.tgz",
      "integrity": "sha512-nsyergarmMB4JCw7KGujj86ulgRYhEk8zXKRiJZdnju/irLvazQ/9Anlfsf1Rc5yph8sZrmQDwqLGZ6AqHhnzA=="
    },
    "angular2-google-maps": {
      "version": "0.17.0",
      "resolved": "https://registry.npmjs.org/angular2-google-maps/-/angular2-google-maps-0.17.0.tgz",
      "integrity": "sha1-rYNm+k5cVt4LiyDwA7X3odoG/+M="
    }
  }
}
